
Microsoft Visual Studio Solution File, Format Version 12.00
# Visual Studio 15
VisualStudioVersion = 15.0.28307.572
MinimumVisualStudioVersion = 10.0.40219.1
Project("{FAE04EC0-301F-11D3-BF4B-00C04F79EFBC}") = "ScreenLockDisable", "ScreenLockDisable\ScreenLockDisable.csproj", "{18BCC89E-2CF4-42A1-9183-90DE056ACED2}"
EndProject
Global
	GlobalSection(SolutionConfigurationPlatforms) = preSolution
		Debug|Any CPU = Debug|Any CPU
		Release|Any CPU = Release|Any CPU
	EndGlobalSection
	GlobalSection(ProjectConfigurationPlatforms) = postSolution
		{18BCC89E-2CF4-42A1-9183-90DE056ACED2}.Debug|Any CPU.ActiveCfg = Debug|Any CPU
		{18BCC89E-2CF4-42A1-9183-90DE056ACED2}.Debug|Any CPU.Build.0 = Debug|Any CPU
		{18BCC89E-2CF4-42A1-9183-90DE056ACED2}.Release|Any CPU.ActiveCfg = Release|Any CPU
		{18BCC89E-2CF4-42A1-9183-90DE056ACED2}.Release|Any CPU.Build.0 = Release|Any CPU
	EndGlobalSection
	GlobalSection(SolutionProperties) = preSolution
		HideSolutionNode = FALSE
	EndGlobalSection
	GlobalSection(ExtensibilityGlobals) = postSolution
		SolutionGuid = {1D35FDFC-DC72-4E4D-B653-18E5F25A8D8F}
	EndGlobalSection
EndGlobal
