
Microsoft Visual Studio Solution File, Format Version 12.00
# Visual Studio Version 17
VisualStudioVersion = 17.2.32602.215
MinimumVisualStudioVersion = 10.0.40219.1
Project("{FAE04EC0-301F-11D3-BF4B-00C04F79EFBC}") = "ScreenLockDisable", "ScreenLockDisable\ScreenLockDisable.csproj", "{A1DF8EA4-F119-4A06-B2B5-33BB3647E679}"
EndProject
Global
	GlobalSection(SolutionConfigurationPlatforms) = preSolution
		Debug|Any CPU = Debug|Any CPU
		Release|Any CPU = Release|Any CPU
	EndGlobalSection
	GlobalSection(ProjectConfigurationPlatforms) = postSolution
		{A1DF8EA4-F119-4A06-B2B5-33BB3647E679}.Debug|Any CPU.ActiveCfg = Debug|Any CPU
		{A1DF8EA4-F119-4A06-B2B5-33BB3647E679}.Debug|Any CPU.Build.0 = Debug|Any CPU
		{A1DF8EA4-F119-4A06-B2B5-33BB3647E679}.Release|Any CPU.ActiveCfg = Release|Any CPU
		{A1DF8EA4-F119-4A06-B2B5-33BB3647E679}.Release|Any CPU.Build.0 = Release|Any CPU
	EndGlobalSection
	GlobalSection(SolutionProperties) = preSolution
		HideSolutionNode = FALSE
	EndGlobalSection
	GlobalSection(ExtensibilityGlobals) = postSolution
		SolutionGuid = {1D35FDFC-DC72-4E4D-B653-18E5F25A8D8F}
	EndGlobalSection
EndGlobal
